
Microsoft Visual Studio Solution File, Format Version 12.00
# Visual Studio 15
VisualStudioVersion = 15.0.28010.2036
MinimumVisualStudioVersion = 10.0.40219.1
Project("{8BC9CEB8-8B4A-11D0-8D11-00A0C91BC942}") = "StreamBase", "StreamBase\StreamBase.vcxproj", "{85FF7C00-3140-4082-A825-09F7B5CF343E}"
EndProject
Global
	GlobalSection(SolutionConfigurationPlatforms) = preSolution
		Debug|x64 = Debug|x64
		Debug|x86 = Debug|x86
		Release|x64 = Release|x64
		Release|x86 = Release|x86
	EndGlobalSection
	GlobalSection(ProjectConfigurationPlatforms) = postSolution
		{85FF7C00-3140-4082-A825-09F7B5CF343E}.Debug|x64.ActiveCfg = Debug|x64
		{85FF7C00-3140-4082-A825-09F7B5CF343E}.Debug|x64.Build.0 = Debug|x64
		{85FF7C00-3140-4082-A825-09F7B5CF343E}.Debug|x86.ActiveCfg = Debug|Win32
		{85FF7C00-3140-4082-A825-09F7B5CF343E}.Debug|x86.Build.0 = Debug|Win32
		{85FF7C00-3140-4082-A825-09F7B5CF343E}.Release|x64.ActiveCfg = Release|x64
		{85FF7C00-3140-4082-A825-09F7B5CF343E}.Release|x64.Build.0 = Release|x64
		{85FF7C00-3140-4082-A825-09F7B5CF343E}.Release|x86.ActiveCfg = Release|Win32
		{85FF7C00-3140-4082-A825-09F7B5CF343E}.Release|x86.Build.0 = Release|Win32
	EndGlobalSection
	GlobalSection(SolutionProperties) = preSolution
		HideSolutionNode = FALSE
	EndGlobalSection
	GlobalSection(ExtensibilityGlobals) = postSolution
		SolutionGuid = {E6EEC35D-E922-432A-A065-44C2A14397C6}
	EndGlobalSection
EndGlobal
