<?xml version="1.0" encoding="utf-8"?>
<Project ToolsVersion="4.0" xmlns="http://schemas.microsoft.com/developer/msbuild/2003">
  <ItemGroup>
    <ClCompile Include="StreamBaseClient.cpp" />
    <ClCompile Include="main.cpp" />
    <ClCompile Include="..\..\Common\StreamBaseCommonObject.cpp" />
  </ItemGroup>
  <ItemGroup>
    <ClInclude Include="StreamBaseClient.h" />
    <ClInclude Include="..\..\Common\StreamBaseCommonHeader.h" />
    <ClInclude Include="..\..\Common\StreamBaseCommonObject.h" />
  </ItemGroup>
</Project>